
Microsoft Visual Studio Solution File, Format Version 12.00
# Visual Studio Version 17
VisualStudioVersion = 17.0.31903.59
MinimumVisualStudioVersion = 10.0.40219.1
Project("{2150E333-8FDC-42A3-9474-1A3956D46DE8}") = "src", "src", "{827E0CD3-B72D-47B6-A68D-7590B98EB39B}"
EndProject
Project("{FAE04EC0-301F-11D3-BF4B-00C04F79EFBC}") = "PayrollMS.Domain", "src\PayrollMS.Domain\PayrollMS.Domain.csproj", "{2FD04C91-A46F-428A-91F3-4A1A8D6F861A}"
EndProject
Project("{FAE04EC0-301F-11D3-BF4B-00C04F79EFBC}") = "PayrollMS.Application", "src\PayrollMS.Application\PayrollMS.Application.csproj", "{A769D543-39E1-4376-B57A-878074E1EFEE}"
EndProject
Project("{FAE04EC0-301F-11D3-BF4B-00C04F79EFBC}") = "PayrollMS.Infrastructure", "src\PayrollMS.Infrastructure\PayrollMS.Infrastructure.csproj", "{6885CF0F-C2C3-4BC2-8A2A-0A9BA2CF2241}"
EndProject
Project("{FAE04EC0-301F-11D3-BF4B-00C04F79EFBC}") = "PayrollMS.Api", "src\PayrollMS.Api\PayrollMS.Api.csproj", "{499EEBB0-F16A-4249-A47C-53E6D4B67821}"
EndProject
Project("{2150E333-8FDC-42A3-9474-1A3956D46DE8}") = "tests", "tests", "{0AB3BF05-4346-4AA6-1389-037BE0695223}"
EndProject
Project("{FAE04EC0-301F-11D3-BF4B-00C04F79EFBC}") = "PayrollMS.Domain.UnitTests", "tests\PayrollMS.Domain.UnitTests\PayrollMS.Domain.UnitTests.csproj", "{025B64FC-BC2A-4863-9DCF-2D6F9F8BD480}"
EndProject
Project("{FAE04EC0-301F-11D3-BF4B-00C04F79EFBC}") = "PayrollMS.Application.UnitTests", "tests\PayrollMS.Application.UnitTests\PayrollMS.Application.UnitTests.csproj", "{376BD870-9485-4976-A18A-7A2AC490165C}"
EndProject
Project("{FAE04EC0-301F-11D3-BF4B-00C04F79EFBC}") = "PayrollMS.Api.IntegrationTests", "tests\PayrollMS.Api.IntegrationTests\PayrollMS.Api.IntegrationTests.csproj", "{39A30423-750F-4A16-810A-12D0E93AC02D}"
EndProject
Global
	GlobalSection(SolutionConfigurationPlatforms) = preSolution
		Debug|Any CPU = Debug|Any CPU
		Debug|x64 = Debug|x64
		Debug|x86 = Debug|x86
		Release|Any CPU = Release|Any CPU
		Release|x64 = Release|x64
		Release|x86 = Release|x86
	EndGlobalSection
	GlobalSection(ProjectConfigurationPlatforms) = postSolution
		{2FD04C91-A46F-428A-91F3-4A1A8D6F861A}.Debug|Any CPU.ActiveCfg = Debug|Any CPU
		{2FD04C91-A46F-428A-91F3-4A1A8D6F861A}.Debug|Any CPU.Build.0 = Debug|Any CPU
		{2FD04C91-A46F-428A-91F3-4A1A8D6F861A}.Debug|x64.ActiveCfg = Debug|Any CPU
		{2FD04C91-A46F-428A-91F3-4A1A8D6F861A}.Debug|x64.Build.0 = Debug|Any CPU
		{2FD04C91-A46F-428A-91F3-4A1A8D6F861A}.Debug|x86.ActiveCfg = Debug|Any CPU
		{2FD04C91-A46F-428A-91F3-4A1A8D6F861A}.Debug|x86.Build.0 = Debug|Any CPU
		{2FD04C91-A46F-428A-91F3-4A1A8D6F861A}.Release|Any CPU.ActiveCfg = Release|Any CPU
		{2FD04C91-A46F-428A-91F3-4A1A8D6F861A}.Release|Any CPU.Build.0 = Release|Any CPU
		{2FD04C91-A46F-428A-91F3-4A1A8D6F861A}.Release|x64.ActiveCfg = Release|Any CPU
		{2FD04C91-A46F-428A-91F3-4A1A8D6F861A}.Release|x64.Build.0 = Release|Any CPU
		{2FD04C91-A46F-428A-91F3-4A1A8D6F861A}.Release|x86.ActiveCfg = Release|Any CPU
		{2FD04C91-A46F-428A-91F3-4A1A8D6F861A}.Release|x86.Build.0 = Release|Any CPU
		{A769D543-39E1-4376-B57A-878074E1EFEE}.Debug|Any CPU.ActiveCfg = Debug|Any CPU
		{A769D543-39E1-4376-B57A-878074E1EFEE}.Debug|Any CPU.Build.0 = Debug|Any CPU
		{A769D543-39E1-4376-B57A-878074E1EFEE}.Debug|x64.ActiveCfg = Debug|Any CPU
		{A769D543-39E1-4376-B57A-878074E1EFEE}.Debug|x64.Build.0 = Debug|Any CPU
		{A769D543-39E1-4376-B57A-878074E1EFEE}.Debug|x86.ActiveCfg = Debug|Any CPU
		{A769D543-39E1-4376-B57A-878074E1EFEE}.Debug|x86.Build.0 = Debug|Any CPU
		{A769D543-39E1-4376-B57A-878074E1EFEE}.Release|Any CPU.ActiveCfg = Release|Any CPU
		{A769D543-39E1-4376-B57A-878074E1EFEE}.Release|Any CPU.Build.0 = Release|Any CPU
		{A769D543-39E1-4376-B57A-878074E1EFEE}.Release|x64.ActiveCfg = Release|Any CPU
		{A769D543-39E1-4376-B57A-878074E1EFEE}.Release|x64.Build.0 = Release|Any CPU
		{A769D543-39E1-4376-B57A-878074E1EFEE}.Release|x86.ActiveCfg = Release|Any CPU
		{A769D543-39E1-4376-B57A-878074E1EFEE}.Release|x86.Build.0 = Release|Any CPU
		{6885CF0F-C2C3-4BC2-8A2A-0A9BA2CF2241}.Debug|Any CPU.ActiveCfg = Debug|Any CPU
		{6885CF0F-C2C3-4BC2-8A2A-0A9BA2CF2241}.Debug|Any CPU.Build.0 = Debug|Any CPU
		{6885CF0F-C2C3-4BC2-8A2A-0A9BA2CF2241}.Debug|x64.ActiveCfg = Debug|Any CPU
		{6885CF0F-C2C3-4BC2-8A2A-0A9BA2CF2241}.Debug|x64.Build.0 = Debug|Any CPU
		{6885CF0F-C2C3-4BC2-8A2A-0A9BA2CF2241}.Debug|x86.ActiveCfg = Debug|Any CPU
		{6885CF0F-C2C3-4BC2-8A2A-0A9BA2CF2241}.Debug|x86.Build.0 = Debug|Any CPU
		{6885CF0F-C2C3-4BC2-8A2A-0A9BA2CF2241}.Release|Any CPU.ActiveCfg = Release|Any CPU
		{6885CF0F-C2C3-4BC2-8A2A-0A9BA2CF2241}.Release|Any CPU.Build.0 = Release|Any CPU
		{6885CF0F-C2C3-4BC2-8A2A-0A9BA2CF2241}.Release|x64.ActiveCfg = Release|Any CPU
		{6885CF0F-C2C3-4BC2-8A2A-0A9BA2CF2241}.Release|x64.Build.0 = Release|Any CPU
		{6885CF0F-C2C3-4BC2-8A2A-0A9BA2CF2241}.Release|x86.ActiveCfg = Release|Any CPU
		{6885CF0F-C2C3-4BC2-8A2A-0A9BA2CF2241}.Release|x86.Build.0 = Release|Any CPU
		{499EEBB0-F16A-4249-A47C-53E6D4B67821}.Debug|Any CPU.ActiveCfg = Debug|Any CPU
		{499EEBB0-F16A-4249-A47C-53E6D4B67821}.Debug|Any CPU.Build.0 = Debug|Any CPU
		{499EEBB0-F16A-4249-A47C-53E6D4B67821}.Debug|x64.ActiveCfg = Debug|Any CPU
		{499EEBB0-F16A-4249-A47C-53E6D4B67821}.Debug|x64.Build.0 = Debug|Any CPU
		{499EEBB0-F16A-4249-A47C-53E6D4B67821}.Debug|x86.ActiveCfg = Debug|Any CPU
		{499EEBB0-F16A-4249-A47C-53E6D4B67821}.Debug|x86.Build.0 = Debug|Any CPU
		{499EEBB0-F16A-4249-A47C-53E6D4B67821}.Release|Any CPU.ActiveCfg = Release|Any CPU
		{499EEBB0-F16A-4249-A47C-53E6D4B67821}.Release|Any CPU.Build.0 = Release|Any CPU
		{499EEBB0-F16A-4249-A47C-53E6D4B67821}.Release|x64.ActiveCfg = Release|Any CPU
		{499EEBB0-F16A-4249-A47C-53E6D4B67821}.Release|x64.Build.0 = Release|Any CPU
		{499EEBB0-F16A-4249-A47C-53E6D4B67821}.Release|x86.ActiveCfg = Release|Any CPU
		{499EEBB0-F16A-4249-A47C-53E6D4B67821}.Release|x86.Build.0 = Release|Any CPU
		{025B64FC-BC2A-4863-9DCF-2D6F9F8BD480}.Debug|Any CPU.ActiveCfg = Debug|Any CPU
		{025B64FC-BC2A-4863-9DCF-2D6F9F8BD480}.Debug|Any CPU.Build.0 = Debug|Any CPU
		{025B64FC-BC2A-4863-9DCF-2D6F9F8BD480}.Debug|x64.ActiveCfg = Debug|Any CPU
		{025B64FC-BC2A-4863-9DCF-2D6F9F8BD480}.Debug|x64.Build.0 = Debug|Any CPU
		{025B64FC-BC2A-4863-9DCF-2D6F9F8BD480}.Debug|x86.ActiveCfg = Debug|Any CPU
		{025B64FC-BC2A-4863-9DCF-2D6F9F8BD480}.Debug|x86.Build.0 = Debug|Any CPU
		{025B64FC-BC2A-4863-9DCF-2D6F9F8BD480}.Release|Any CPU.ActiveCfg = Release|Any CPU
		{025B64FC-BC2A-4863-9DCF-2D6F9F8BD480}.Release|Any CPU.Build.0 = Release|Any CPU
		{025B64FC-BC2A-4863-9DCF-2D6F9F8BD480}.Release|x64.ActiveCfg = Release|Any CPU
		{025B64FC-BC2A-4863-9DCF-2D6F9F8BD480}.Release|x64.Build.0 = Release|Any CPU
		{025B64FC-BC2A-4863-9DCF-2D6F9F8BD480}.Release|x86.ActiveCfg = Release|Any CPU
		{025B64FC-BC2A-4863-9DCF-2D6F9F8BD480}.Release|x86.Build.0 = Release|Any CPU
		{376BD870-9485-4976-A18A-7A2AC490165C}.Debug|Any CPU.ActiveCfg = Debug|Any CPU
		{376BD870-9485-4976-A18A-7A2AC490165C}.Debug|Any CPU.Build.0 = Debug|Any CPU
		{376BD870-9485-4976-A18A-7A2AC490165C}.Debug|x64.ActiveCfg = Debug|Any CPU
		{376BD870-9485-4976-A18A-7A2AC490165C}.Debug|x64.Build.0 = Debug|Any CPU
		{376BD870-9485-4976-A18A-7A2AC490165C}.Debug|x86.ActiveCfg = Debug|Any CPU
		{376BD870-9485-4976-A18A-7A2AC490165C}.Debug|x86.Build.0 = Debug|Any CPU
		{376BD870-9485-4976-A18A-7A2AC490165C}.Release|Any CPU.ActiveCfg = Release|Any CPU
		{376BD870-9485-4976-A18A-7A2AC490165C}.Release|Any CPU.Build.0 = Release|Any CPU
		{376BD870-9485-4976-A18A-7A2AC490165C}.Release|x64.ActiveCfg = Release|Any CPU
		{376BD870-9485-4976-A18A-7A2AC490165C}.Release|x64.Build.0 = Release|Any CPU
		{376BD870-9485-4976-A18A-7A2AC490165C}.Release|x86.ActiveCfg = Release|Any CPU
		{376BD870-9485-4976-A18A-7A2AC490165C}.Release|x86.Build.0 = Release|Any CPU
		{39A30423-750F-4A16-810A-12D0E93AC02D}.Debug|Any CPU.ActiveCfg = Debug|Any CPU
		{39A30423-750F-4A16-810A-12D0E93AC02D}.Debug|Any CPU.Build.0 = Debug|Any CPU
		{39A30423-750F-4A16-810A-12D0E93AC02D}.Debug|x64.ActiveCfg = Debug|Any CPU
		{39A30423-750F-4A16-810A-12D0E93AC02D}.Debug|x64.Build.0 = Debug|Any CPU
		{39A30423-750F-4A16-810A-12D0E93AC02D}.Debug|x86.ActiveCfg = Debug|Any CPU
		{39A30423-750F-4A16-810A-12D0E93AC02D}.Debug|x86.Build.0 = Debug|Any CPU
		{39A30423-750F-4A16-810A-12D0E93AC02D}.Release|Any CPU.ActiveCfg = Release|Any CPU
		{39A30423-750F-4A16-810A-12D0E93AC02D}.Release|Any CPU.Build.0 = Release|Any CPU
		{39A30423-750F-4A16-810A-12D0E93AC02D}.Release|x64.ActiveCfg = Release|Any CPU
		{39A30423-750F-4A16-810A-12D0E93AC02D}.Release|x64.Build.0 = Release|Any CPU
		{39A30423-750F-4A16-810A-12D0E93AC02D}.Release|x86.ActiveCfg = Release|Any CPU
		{39A30423-750F-4A16-810A-12D0E93AC02D}.Release|x86.Build.0 = Release|Any CPU
	EndGlobalSection
	GlobalSection(SolutionProperties) = preSolution
		HideSolutionNode = FALSE
	EndGlobalSection
	GlobalSection(NestedProjects) = preSolution
		{2FD04C91-A46F-428A-91F3-4A1A8D6F861A} = {827E0CD3-B72D-47B6-A68D-7590B98EB39B}
		{A769D543-39E1-4376-B57A-878074E1EFEE} = {827E0CD3-B72D-47B6-A68D-7590B98EB39B}
		{6885CF0F-C2C3-4BC2-8A2A-0A9BA2CF2241} = {827E0CD3-B72D-47B6-A68D-7590B98EB39B}
		{499EEBB0-F16A-4249-A47C-53E6D4B67821} = {827E0CD3-B72D-47B6-A68D-7590B98EB39B}
		{025B64FC-BC2A-4863-9DCF-2D6F9F8BD480} = {0AB3BF05-4346-4AA6-1389-037BE0695223}
		{376BD870-9485-4976-A18A-7A2AC490165C} = {0AB3BF05-4346-4AA6-1389-037BE0695223}
		{39A30423-750F-4A16-810A-12D0E93AC02D} = {0AB3BF05-4346-4AA6-1389-037BE0695223}
	EndGlobalSection
EndGlobal
